
Microsoft Visual Studio Solution File, Format Version 12.00
# Visual Studio Version 16
VisualStudioVersion = 16.0.29418.71
MinimumVisualStudioVersion = 10.0.40219.1
Project("{FAE04EC0-301F-11D3-BF4B-00C04F79EFBC}") = "DeathTimer", "DeathTimer.csproj", "{03F87CA7-8190-43B3-8BA2-A12B0F498DB4}"
EndProject
Global
	GlobalSection(SolutionConfigurationPlatforms) = preSolution
		Debug|Any CPU = Debug|Any CPU
		Release|Any CPU = Release|Any CPU
	EndGlobalSection
	GlobalSection(ProjectConfigurationPlatforms) = postSolution
		{03F87CA7-8190-43B3-8BA2-A12B0F498DB4}.Debug|Any CPU.ActiveCfg = Debug|Any CPU
		{03F87CA7-8190-43B3-8BA2-A12B0F498DB4}.Debug|Any CPU.Build.0 = Debug|Any CPU
		{03F87CA7-8190-43B3-8BA2-A12B0F498DB4}.Release|Any CPU.ActiveCfg = Release|Any CPU
		{03F87CA7-8190-43B3-8BA2-A12B0F498DB4}.Release|Any CPU.Build.0 = Release|Any CPU
	EndGlobalSection
	GlobalSection(SolutionProperties) = preSolution
		HideSolutionNode = FALSE
	EndGlobalSection
	GlobalSection(ExtensibilityGlobals) = postSolution
		SolutionGuid = {CFA912CB-ADCE-4FCE-BB2C-85C69C572323}
	EndGlobalSection
EndGlobal
